
Microsoft Visual Studio Solution File, Format Version 12.00
# Visual Studio Version 17
VisualStudioVersion = 17.0.31912.275
MinimumVisualStudioVersion = 10.0.40219.1
Project("{FAE04EC0-301F-11D3-BF4B-00C04F79EFBC}") = "DiskDWatcherService", "WindowsNt\DiskDWatcherService\DiskDWatcherService.csproj", "{3E2927D3-BB8E-47BA-AD3A-01E002976661}"
EndProject
Project("{2150E333-8FDC-42A3-9474-1A3956D46DE8}") = "Installer", "Installer", "{F40DAB62-AB0B-405D-8195-11402FC883E5}"
	ProjectSection(SolutionItems) = preProject
		WindowsNt\Installer\install.cmd = WindowsNt\Installer\install.cmd
		WindowsNt\Installer\uninstall.cmd = WindowsNt\Installer\uninstall.cmd
	EndProjectSection
EndProject
Project("{9A19103F-16F7-4668-BE54-9A1E7A4F7556}") = "TestButts", "TestButts\TestButts.csproj", "{E82B8F5D-4DB9-4F48-ABA8-CB823C6CEA1B}"
EndProject
Project("{9A19103F-16F7-4668-BE54-9A1E7A4F7556}") = "DiskDWatcherServiceCore", "WindowsNt\DiskDWatcherServiceCore\DiskDWatcherServiceCore.csproj", "{3B899366-98AD-4B1F-8D24-0B625943F00C}"
EndProject
Project("{9A19103F-16F7-4668-BE54-9A1E7A4F7556}") = "DiskDWatcherServiceCoreTests", "WindowsNt\DiskDWatcherServiceCoreTests\DiskDWatcherServiceCoreTests.csproj", "{FB0EDF58-ECAC-4470-A40A-6E02FBF82C95}"
EndProject
Project("{9A19103F-16F7-4668-BE54-9A1E7A4F7556}") = "DiskDWatcherServiceCoreWorker", "DiskDWatcherServiceCoreWorker\DiskDWatcherServiceCoreWorker.csproj", "{4C9A866B-57BB-4322-9987-97CA25C3839A}"
EndProject
Global
	GlobalSection(SolutionConfigurationPlatforms) = preSolution
		Debug|Any CPU = Debug|Any CPU
		Release|Any CPU = Release|Any CPU
	EndGlobalSection
	GlobalSection(ProjectConfigurationPlatforms) = postSolution
		{3E2927D3-BB8E-47BA-AD3A-01E002976661}.Debug|Any CPU.ActiveCfg = Debug|Any CPU
		{3E2927D3-BB8E-47BA-AD3A-01E002976661}.Debug|Any CPU.Build.0 = Debug|Any CPU
		{3E2927D3-BB8E-47BA-AD3A-01E002976661}.Release|Any CPU.ActiveCfg = Release|Any CPU
		{3E2927D3-BB8E-47BA-AD3A-01E002976661}.Release|Any CPU.Build.0 = Release|Any CPU
		{E82B8F5D-4DB9-4F48-ABA8-CB823C6CEA1B}.Debug|Any CPU.ActiveCfg = Debug|Any CPU
		{E82B8F5D-4DB9-4F48-ABA8-CB823C6CEA1B}.Debug|Any CPU.Build.0 = Debug|Any CPU
		{E82B8F5D-4DB9-4F48-ABA8-CB823C6CEA1B}.Release|Any CPU.ActiveCfg = Release|Any CPU
		{E82B8F5D-4DB9-4F48-ABA8-CB823C6CEA1B}.Release|Any CPU.Build.0 = Release|Any CPU
		{3B899366-98AD-4B1F-8D24-0B625943F00C}.Debug|Any CPU.ActiveCfg = Debug|Any CPU
		{3B899366-98AD-4B1F-8D24-0B625943F00C}.Debug|Any CPU.Build.0 = Debug|Any CPU
		{3B899366-98AD-4B1F-8D24-0B625943F00C}.Release|Any CPU.ActiveCfg = Release|Any CPU
		{3B899366-98AD-4B1F-8D24-0B625943F00C}.Release|Any CPU.Build.0 = Release|Any CPU
		{FB0EDF58-ECAC-4470-A40A-6E02FBF82C95}.Debug|Any CPU.ActiveCfg = Debug|Any CPU
		{FB0EDF58-ECAC-4470-A40A-6E02FBF82C95}.Debug|Any CPU.Build.0 = Debug|Any CPU
		{FB0EDF58-ECAC-4470-A40A-6E02FBF82C95}.Release|Any CPU.ActiveCfg = Release|Any CPU
		{FB0EDF58-ECAC-4470-A40A-6E02FBF82C95}.Release|Any CPU.Build.0 = Release|Any CPU
		{4C9A866B-57BB-4322-9987-97CA25C3839A}.Debug|Any CPU.ActiveCfg = Debug|Any CPU
		{4C9A866B-57BB-4322-9987-97CA25C3839A}.Debug|Any CPU.Build.0 = Debug|Any CPU
		{4C9A866B-57BB-4322-9987-97CA25C3839A}.Release|Any CPU.ActiveCfg = Release|Any CPU
		{4C9A866B-57BB-4322-9987-97CA25C3839A}.Release|Any CPU.Build.0 = Release|Any CPU
	EndGlobalSection
	GlobalSection(SolutionProperties) = preSolution
		HideSolutionNode = FALSE
	EndGlobalSection
	GlobalSection(ExtensibilityGlobals) = postSolution
		SolutionGuid = {891C66B8-3A7B-485A-86E8-688C7CFD90E5}
	EndGlobalSection
EndGlobal
